
Microsoft Visual Studio Solution File, Format Version 12.00
# Visual Studio Version 17
VisualStudioVersion = 17.6.33723.286
MinimumVisualStudioVersion = 10.0.40219.1
Project("{FAE04EC0-301F-11D3-BF4B-00C04F79EFBC}") = "WeatherApp", "WeatherApp.csproj", "{EC71877A-B9EF-4A04-ACCA-1F7309259B6C}"
EndProject
Global
	GlobalSection(SolutionConfigurationPlatforms) = preSolution
		Debug|Any CPU = Debug|Any CPU
		Release|Any CPU = Release|Any CPU
	EndGlobalSection
	GlobalSection(ProjectConfigurationPlatforms) = postSolution
		{EC71877A-B9EF-4A04-ACCA-1F7309259B6C}.Debug|Any CPU.ActiveCfg = Debug|Any CPU
		{EC71877A-B9EF-4A04-ACCA-1F7309259B6C}.Debug|Any CPU.Build.0 = Debug|Any CPU
		{EC71877A-B9EF-4A04-ACCA-1F7309259B6C}.Release|Any CPU.ActiveCfg = Release|Any CPU
		{EC71877A-B9EF-4A04-ACCA-1F7309259B6C}.Release|Any CPU.Build.0 = Release|Any CPU
	EndGlobalSection
	GlobalSection(SolutionProperties) = preSolution
		HideSolutionNode = FALSE
	EndGlobalSection
	GlobalSection(ExtensibilityGlobals) = postSolution
		SolutionGuid = {0C68EF2D-889D-42AC-B491-5CA4D68E0614}
	EndGlobalSection
EndGlobal
